
Microsoft Visual Studio Solution File, Format Version 12.00
# Visual Studio Version 16
VisualStudioVersion = 16.0.30711.63
MinimumVisualStudioVersion = 10.0.40219.1
Project("{FAE04EC0-301F-11D3-BF4B-00C04F79EFBC}") = "Simulare", "Simulare\Simulare.csproj", "{21447B3E-A3A4-4B08-9289-A82DED3FEFCE}"
EndProject
Global
	GlobalSection(SolutionConfigurationPlatforms) = preSolution
		Debug|Any CPU = Debug|Any CPU
		Release|Any CPU = Release|Any CPU
	EndGlobalSection
	GlobalSection(ProjectConfigurationPlatforms) = postSolution
		{21447B3E-A3A4-4B08-9289-A82DED3FEFCE}.Debug|Any CPU.ActiveCfg = Debug|Any CPU
		{21447B3E-A3A4-4B08-9289-A82DED3FEFCE}.Debug|Any CPU.Build.0 = Debug|Any CPU
		{21447B3E-A3A4-4B08-9289-A82DED3FEFCE}.Release|Any CPU.ActiveCfg = Release|Any CPU
		{21447B3E-A3A4-4B08-9289-A82DED3FEFCE}.Release|Any CPU.Build.0 = Release|Any CPU
	EndGlobalSection
	GlobalSection(SolutionProperties) = preSolution
		HideSolutionNode = FALSE
	EndGlobalSection
	GlobalSection(ExtensibilityGlobals) = postSolution
		SolutionGuid = {BCD620BF-9E7C-4C0F-8E63-3A19EC9EC6A6}
	EndGlobalSection
EndGlobal
